PODS:
  - GMStepper (2.2)
  - SDCAlertView (12.0.2)
  - SDWebImage (5.12.5):
    - SDWebImage/Core (= 5.12.5)
  - SDWebImage/Core (5.12.5)
  - SideMenu (6.5.0)
  - SwipeCellKit (2.7.1)

DEPENDENCIES:
  - GMStepper (= 2.2)
  - SDCAlertView (= 12.0.2)
  - SDWebImage
  - SideMenu (~> 6.0)
  - SwipeCellKit (= 2.7.1)

SPEC REPOS:
  trunk:
    - GMStepper
    - SDCAlertView
    - SDWebImage
    - SideMenu
    - SwipeCellKit

SPEC CHECKSUMS:
  GMStepper: 89fb106944dfcc3aa3add7164e3ebd463ea2104b
  SDCAlertView: 1c0410de80548da3fed142ded0b97644d9848577
  SDWebImage: 0905f1b7760fc8ac4198cae0036600d67478751e
  SideMenu: f583187d21c5b1dd04c72002be544b555a2627a2
  SwipeCellKit: 3972254a826da74609926daf59b08d6c72e619ea

PODFILE CHECKSUM: a360bfd08aeae7e21320438b62ce6daa5b6480ef

COCOAPODS: 1.11.3
